
Microsoft Visual Studio Solution File, Format Version 12.00
# Visual Studio 2012
Project("{8BC9CEB8-8B4A-11D0-8D11-00A0C91BC942}") = "图像腐蚀", "图像腐蚀\图像腐蚀.vcxproj", "{06494E69-B40A-428E-9F83-1F9B422125F8}"
EndProject
Global
	GlobalSection(SolutionConfigurationPlatforms) = preSolution
		Debug|Win32 = Debug|Win32
		Release|Win32 = Release|Win32
	EndGlobalSection
	GlobalSection(ProjectConfigurationPlatforms) = postSolution
		{06494E69-B40A-428E-9F83-1F9B422125F8}.Debug|Win32.ActiveCfg = Debug|Win32
		{06494E69-B40A-428E-9F83-1F9B422125F8}.Debug|Win32.Build.0 = Debug|Win32
		{06494E69-B40A-428E-9F83-1F9B422125F8}.Release|Win32.ActiveCfg = Release|Win32
		{06494E69-B40A-428E-9F83-1F9B422125F8}.Release|Win32.Build.0 = Release|Win32
	EndGlobalSection
	GlobalSection(SolutionProperties) = preSolution
		HideSolutionNode = FALSE
	EndGlobalSection
EndGlobal
